
Microsoft Visual Studio Solution File, Format Version 12.00
# Visual Studio 2013
VisualStudioVersion = 12.0.21005.1
MinimumVisualStudioVersion = 10.0.40219.1
Project("{1B19158F-E398-40A6-8E3B-350508E125F1}") = "Application1.Shared", "Application1.Shared\Application1.Shared.dxjsproj", "{630FE958-FC6D-4BC9-AB71-E72CE09827B8}"
EndProject
Project("{1B19158F-E398-40A6-8E3B-350508E125F1}") = "Application1.Desktop", "Application1.Desktop\Application1.Desktop.dxjsproj", "{6D2825C5-48BD-4F2D-ACD7-BC2B892A74D1}"
EndProject
Project("{1B19158F-E398-40A6-8E3B-350508E125F1}") = "Application1.Mobile", "Application1.Mobile\Application1.Mobile.dxjsproj", "{E3B6609B-8F88-450F-84CE-8F9B17558FA3}"
EndProject
Global
	GlobalSection(SolutionConfigurationPlatforms) = preSolution
		Debug|Any CPU = Debug|Any CPU
		Release|Any CPU = Release|Any CPU
	EndGlobalSection
	GlobalSection(ProjectConfigurationPlatforms) = postSolution
		{630FE958-FC6D-4BC9-AB71-E72CE09827B8}.Debug|Any CPU.ActiveCfg = Debug|Any CPU
		{630FE958-FC6D-4BC9-AB71-E72CE09827B8}.Debug|Any CPU.Build.0 = Debug|Any CPU
		{630FE958-FC6D-4BC9-AB71-E72CE09827B8}.Release|Any CPU.ActiveCfg = Release|Any CPU
		{630FE958-FC6D-4BC9-AB71-E72CE09827B8}.Release|Any CPU.Build.0 = Release|Any CPU
		{6D2825C5-48BD-4F2D-ACD7-BC2B892A74D1}.Debug|Any CPU.ActiveCfg = Debug|Any CPU
		{6D2825C5-48BD-4F2D-ACD7-BC2B892A74D1}.Debug|Any CPU.Build.0 = Debug|Any CPU
		{6D2825C5-48BD-4F2D-ACD7-BC2B892A74D1}.Release|Any CPU.ActiveCfg = Release|Any CPU
		{6D2825C5-48BD-4F2D-ACD7-BC2B892A74D1}.Release|Any CPU.Build.0 = Release|Any CPU
		{E3B6609B-8F88-450F-84CE-8F9B17558FA3}.Debug|Any CPU.ActiveCfg = Debug|Any CPU
		{E3B6609B-8F88-450F-84CE-8F9B17558FA3}.Debug|Any CPU.Build.0 = Debug|Any CPU
		{E3B6609B-8F88-450F-84CE-8F9B17558FA3}.Release|Any CPU.ActiveCfg = Release|Any CPU
		{E3B6609B-8F88-450F-84CE-8F9B17558FA3}.Release|Any CPU.Build.0 = Release|Any CPU
	EndGlobalSection
	GlobalSection(SolutionProperties) = preSolution
		HideSolutionNode = FALSE
	EndGlobalSection
EndGlobal
